
Microsoft Visual Studio Solution File, Format Version 10.00
# Visual Studio 2008
Project("{FAE04EC0-301F-11D3-BF4B-00C04F79EFBC}") = "HadoopSequenceFile", "HadoopSequenceFile\HadoopSequenceFile.csproj", "{0C2E46C9-C3CE-480A-B54B-58DD2B65540F}"
EndProject
Global
	GlobalSection(SolutionConfigurationPlatforms) = preSolution
		Debug|Any CPU = Debug|Any CPU
		Release|Any CPU = Release|Any CPU
	EndGlobalSection
	GlobalSection(ProjectConfigurationPlatforms) = postSolution
		{0C2E46C9-C3CE-480A-B54B-58DD2B65540F}.Debug|Any CPU.ActiveCfg = Debug|Any CPU
		{0C2E46C9-C3CE-480A-B54B-58DD2B65540F}.Debug|Any CPU.Build.0 = Debug|Any CPU
		{0C2E46C9-C3CE-480A-B54B-58DD2B65540F}.Release|Any CPU.ActiveCfg = Release|Any CPU
		{0C2E46C9-C3CE-480A-B54B-58DD2B65540F}.Release|Any CPU.Build.0 = Release|Any CPU
	EndGlobalSection
	GlobalSection(SolutionProperties) = preSolution
		HideSolutionNode = FALSE
	EndGlobalSection
EndGlobal
